# This file is automatically @generated by Cargo.
# It is not intended for manual editing.
version = 3

[[package]]
name = "adler32"
version = "1.0.2"
source = "registry+https://github.com/rust-lang/crates.io-index"
checksum = "6cbd0b9af8587c72beadc9f72d35b9fbb070982c9e6203e46e93f10df25f8f45"

[[package]]
name = "alloc-no-stdlib"
version = "2.0.0"
source = "registry+https://github.com/rust-lang/crates.io-index"
checksum = "89376a1f1a188ddc8b54198370fd7b62568162bb8a0c5bf0684cd29933e37284"

[[package]]
name = "alloc-stdlib"
version = "0.2.0"
source = "registry+https://github.com/rust-lang/crates.io-index"
checksum = "a406213c20ecca20314ddfcf9cca03b0292a828a9674980ae7c726b555f56666"
dependencies = [
 "alloc-no-stdlib",
]

[[package]]
name = "autocfg"
version = "0.1.0"
source = "registry+https://github.com/rust-lang/crates.io-index"
checksum = "23213af7601f0f2d929f73d2a772804562cb09063f50bba9c361f86d6a0376f8"

[[package]]
name = "autocfg"
version = "1.0.0"
source = "registry+https://github.com/rust-lang/crates.io-index"
checksum = "f8aac770f1885fd7e387acedd76065302551364496e46b3dd00860b2f8359b9d"

[[package]]
name = "barc"
version = "2.3.0"
dependencies = [
 "body-image",
 "brotli",
 "brotli-decompressor",
 "bytes 1.0.0",
 "flate2",
 "http",
 "httparse",
 "memmap",
 "mime",
 "olio",
 "piccolog",
 "tao-log",
]

[[package]]
name = "barc-cli"
version = "2.3.0"
dependencies = [
 "barc",
 "body-image",
 "body-image-futio",
 "clap",
 "http",
 "hyper",
 "piccolog",
 "tao-log",
]

[[package]]
name = "base64"
version = "0.10.1"
source = "registry+https://github.com/rust-lang/crates.io-index"
checksum = "0b25d992356d2eb0ed82172f5248873db5560c4721f564b13cb5193bda5e668e"
dependencies = [
 "byteorder",
]

[[package]]
name = "bitflags"
version = "1.0.0"
source = "registry+https://github.com/rust-lang/crates.io-index"
checksum = "f5cde24d1b2e2216a726368b2363a273739c91f4e3eb4e0dd12d672d396ad989"

[[package]]
name = "blocking-permit"
version = "1.3.0"
source = "registry+https://github.com/rust-lang/crates.io-index"
checksum = "a56a8754daa42f0ac0d2141fca4734a0be39dfb293e572672eb554b2321fab1f"
dependencies = [
 "bytes 1.0.0",
 "futures-core",
 "log",
 "num_cpus",
 "parking_lot",
 "tokio",
]

[[package]]
name = "body-image"
version = "2.3.0"
dependencies = [
 "bytes 1.0.0",
 "http",
 "memmap",
 "olio",
 "tao-log",
 "tempfile",
]

[[package]]
name = "body-image-futio"
version = "2.3.0"
dependencies = [
 "blocking-permit",
 "body-image",
 "brotli",
 "brotli-decompressor",
 "bytes 1.0.0",
 "flate2",
 "futures-core",
 "futures-sink",
 "futures-util",
 "http",
 "http-body",
 "httparse",
 "hyper",
 "hyper-tls",
 "hyperx",
 "lazy_static 1.3.0",
 "memmap",
 "olio",
 "piccolog",
 "rand 0.8.0",
 "tao-log",
 "tokio",
]

[[package]]
name = "brotli"
version = "3.1.0"
source = "registry+https://github.com/rust-lang/crates.io-index"
checksum = "1fd8071f3b5c6ad184aa5068f4c574dd97ac8dbdebaeaed8d08594310d18a501"
dependencies = [
 "alloc-no-stdlib",
 "alloc-stdlib",
 "brotli-decompressor",
]

[[package]]
name = "brotli-decompressor"
version = "2.1.2"
source = "registry+https://github.com/rust-lang/crates.io-index"
checksum = "87c3078b67cd0fad2263321042a60f620186cce666bedba14c6bf09ace508ce9"
dependencies = [
 "alloc-no-stdlib",
 "alloc-stdlib",
]

[[package]]
name = "byteorder"
version = "1.2.6"
source = "registry+https://github.com/rust-lang/crates.io-index"
checksum = "90492c5858dd7d2e78691cfb89f90d273a2800fc11d98f60786e5d87e2f83781"

[[package]]
name = "bytes"
version = "0.5.3"
source = "registry+https://github.com/rust-lang/crates.io-index"
checksum = "10004c15deb332055f7a4a208190aed362cf9a7c2f6ab70a305fba50e1105f38"

[[package]]
name = "bytes"
version = "1.0.0"
source = "registry+https://github.com/rust-lang/crates.io-index"
checksum = "ad1f8e949d755f9d79112b5bb46938e0ef9d3804a0b16dfab13aafcaa5f0fa72"

[[package]]
name = "c2-chacha"
version = "0.2.2"
source = "registry+https://github.com/rust-lang/crates.io-index"
checksum = "7d64d04786e0f528460fc884753cf8dddcc466be308f6026f8e355c41a0e4101"
dependencies = [
 "lazy_static 1.3.0",
 "ppv-lite86",
]

[[package]]
name = "cc"
version = "1.0.0"
source = "registry+https://github.com/rust-lang/crates.io-index"
checksum = "7db2f146208d7e0fbee761b09cd65a7f51ccc38705d4e7262dad4d73b12a76b1"

[[package]]
name = "cfg-if"
version = "0.1.5"
source = "registry+https://github.com/rust-lang/crates.io-index"
checksum = "0c4e7bb64a8ebb0d856483e1e682ea3422f883c5f5615a90d51a2c82fe87fdd3"

[[package]]
name = "cfg-if"
version = "1.0.0"
source = "registry+https://github.com/rust-lang/crates.io-index"
checksum = "baf1de4339761588bc0619e3cbc0120ee582ebb74b53b4efbf79117bd2da40fd"

[[package]]
name = "clap"
version = "2.31.2"
source = "registry+https://github.com/rust-lang/crates.io-index"
checksum = "f0f16b89cbb9ee36d87483dc939fe9f1e13c05898d56d7b230a0d4dff033a536"
dependencies = [
 "bitflags",
 "term_size",
 "textwrap",
 "unicode-width",
]

[[package]]
name = "cloudabi"
version = "0.0.3"
source = "registry+https://github.com/rust-lang/crates.io-index"
checksum = "ddfc5b9aa5d4507acaf872de71051dfd0e309860e88966e1051e462a077aac4f"
dependencies = [
 "bitflags",
]

[[package]]
name = "core-foundation"
version = "0.5.1"
source = "registry+https://github.com/rust-lang/crates.io-index"
checksum = "286e0b41c3a20da26536c6000a280585d519fd07b3956b43aed8a79e9edce980"
dependencies = [
 "core-foundation-sys",
 "libc",
]

[[package]]
name = "core-foundation-sys"
version = "0.5.1"
source = "registry+https://github.com/rust-lang/crates.io-index"
checksum = "716c271e8613ace48344f723b60b900a93150271e5be206212d052bbc0883efa"
dependencies = [
 "libc",
]

[[package]]
name = "crc"
version = "1.0.0"
source = "registry+https://github.com/rust-lang/crates.io-index"
checksum = "8880a944c64921c75d382393ac90f6682e857fc19f03157204a048e2d9655159"
dependencies = [
 "lazy_static 0.1.0",
]

[[package]]
name = "flate2"
version = "1.0.4"
source = "registry+https://github.com/rust-lang/crates.io-index"
checksum = "3b0c7353385f92079524de3b7116cf99d73947c08a7472774e9b3b04bff3b901"
dependencies = [
 "libc",
 "miniz-sys",
 "miniz_oxide_c_api",
]

[[package]]
name = "fnv"
version = "1.0.5"
source = "registry+https://github.com/rust-lang/crates.io-index"
checksum = "6cc484842f1e2884faf56f529f960cc12ad8c71ce96cc7abba0a067c98fee344"

[[package]]
name = "foreign-types"
version = "0.3.1"
source = "registry+https://github.com/rust-lang/crates.io-index"
checksum = "a21b40436003b2a1e22483c5ed6c3d25e755b6b3120f601cc22aa57e25dc9065"
dependencies = [
 "foreign-types-shared",
]

[[package]]
name = "foreign-types-shared"
version = "0.1.0"
source = "registry+https://github.com/rust-lang/crates.io-index"
checksum = "baa1839fc3c5487b5e129ea4f774e3fd84e6c4607127315521bc014a722ebc9e"

[[package]]
name = "fuchsia-cprng"
version = "0.1.0"
source = "registry+https://github.com/rust-lang/crates.io-index"
checksum = "81f7f8eb465745ea9b02e2704612a9946a59fa40572086c6fd49d6ddcf30bf31"

[[package]]
name = "futures-channel"
version = "0.3.0"
source = "registry+https://github.com/rust-lang/crates.io-index"
checksum = "d3f9d78ee44e3067fa297c8c2c2313b98d014be8a3783387c500b50d7b769603"
dependencies = [
 "futures-core",
]

[[package]]
name = "futures-core"
version = "0.3.11"
source = "registry+https://github.com/rust-lang/crates.io-index"
checksum = "089bd0baf024d3216916546338fffe4fc8dfffdd901e33c278abb091e0d52111"

[[package]]
name = "futures-macro"
version = "0.3.11"
source = "registry+https://github.com/rust-lang/crates.io-index"
checksum = "95778720c3ee3c179cd0d8fd5a0f9b40aa7d745c080f86a8f8bed33c4fd89758"
dependencies = [
 "proc-macro-hack",
 "proc-macro2",
 "quote",
 "syn",
]

[[package]]
name = "futures-sink"
version = "0.3.11"
source = "registry+https://github.com/rust-lang/crates.io-index"
checksum = "d4e0f6be0ec0357772fd58fb751958dd600bd0b3edfd429e77793e4282831360"

[[package]]
name = "futures-task"
version = "0.3.11"
source = "registry+https://github.com/rust-lang/crates.io-index"
checksum = "868090f28a925db6cb7462938c51d807546e298fb314088239f0e52fb4338b96"
dependencies = [
 "once_cell",
]

[[package]]
name = "futures-util"
version = "0.3.11"
source = "registry+https://github.com/rust-lang/crates.io-index"
checksum = "cad5e82786df758d407932aded1235e24d8e2eb438b6adafd37930c2462fb5d1"
dependencies = [
 "futures-core",
 "futures-macro",
 "futures-sink",
 "futures-task",
 "pin-project-lite",
 "pin-utils",
 "proc-macro-hack",
 "proc-macro-nested",
 "slab",
]

[[package]]
name = "getrandom"
version = "0.1.1"
source = "registry+https://github.com/rust-lang/crates.io-index"
checksum = "e738b1f02e4d17217cae7648e774c03a19cd9de18bc294c538cc3e780f8c3bbd"
dependencies = [
 "cloudabi",
 "fuchsia-cprng",
 "libc",
 "winapi 0.3.7",
]

[[package]]
name = "getrandom"
version = "0.2.0"
source = "registry+https://github.com/rust-lang/crates.io-index"
checksum = "ee8025cf36f917e6a52cce185b7c7177689b838b7ec138364e50cc2277a56cf4"
dependencies = [
 "cfg-if 0.1.5",
 "libc",
 "wasi",
]

[[package]]
name = "hermit-abi"
version = "0.1.3"
source = "registry+https://github.com/rust-lang/crates.io-index"
checksum = "307c3c9f937f38e3534b1d6447ecf090cafcc9744e4a6360e8b037b2cf5af120"
dependencies = [
 "libc",
]

[[package]]
name = "http"
version = "0.2.2"
source = "registry+https://github.com/rust-lang/crates.io-index"
checksum = "84129d298a6d57d246960ff8eb831ca4af3f96d29e2e28848dae275408658e26"
dependencies = [
 "bytes 0.5.3",
 "fnv",
 "itoa",
]

[[package]]
name = "http-body"
version = "0.4.0"
source = "registry+https://github.com/rust-lang/crates.io-index"
checksum = "2861bd27ee074e5ee891e8b539837a9430012e249d7f0ca2d795650f579c1994"
dependencies = [
 "bytes 1.0.0",
 "http",
]

[[package]]
name = "httparse"
version = "1.2.4"
source = "registry+https://github.com/rust-lang/crates.io-index"
checksum = "c2f407128745b78abc95c0ffbe4e5d37427fdc0d45470710cfef8c44522a2e37"

[[package]]
name = "httpdate"
version = "0.3.2"
source = "registry+https://github.com/rust-lang/crates.io-index"
checksum = "494b4d60369511e7dea41cf646832512a94e542f68bb9c49e54518e0f468eb47"

[[package]]
name = "hyper"
version = "0.14.2"
source = "registry+https://github.com/rust-lang/crates.io-index"
checksum = "12219dc884514cb4a6a03737f4413c0e01c23a1b059b0156004b23f1e19dccbe"
dependencies = [
 "bytes 1.0.0",
 "futures-channel",
 "futures-core",
 "futures-util",
 "http",
 "http-body",
 "httparse",
 "httpdate",
 "itoa",
 "pin-project",
 "socket2",
 "tokio",
 "tower-service",
 "tracing",
 "want",
]

[[package]]
name = "hyper-tls"
version = "0.5.0"
source = "registry+https://github.com/rust-lang/crates.io-index"
checksum = "d6183ddfa99b85da61a140bea0efc93fdf56ceaa041b37d553518030827f9905"
dependencies = [
 "bytes 1.0.0",
 "hyper",
 "native-tls",
 "tokio",
 "tokio-native-tls",
]

[[package]]
name = "hyperx"
version = "1.3.0"
source = "registry+https://github.com/rust-lang/crates.io-index"
checksum = "82566a1ace7f56f604d83b7b2c259c78e243d99c565f23d7b4ae34466442c5a2"
dependencies = [
 "base64",
 "bytes 1.0.0",
 "http",
 "httparse",
 "httpdate",
 "language-tags",
 "mime",
 "percent-encoding",
 "unicase",
]

[[package]]
name = "itoa"
version = "0.4.1"
source = "registry+https://github.com/rust-lang/crates.io-index"
checksum = "c069bbec61e1ca5a596166e55dfe4773ff745c3d16b700013bcaff9a6df2c682"

[[package]]
name = "kernel32-sys"
version = "0.2.2"
source = "registry+https://github.com/rust-lang/crates.io-index"
checksum = "7507624b29483431c0ba2d82aece8ca6cdba9382bff4ddd0f7490560c056098d"
dependencies = [
 "winapi 0.2.8",
 "winapi-build",
]

[[package]]
name = "language-tags"
version = "0.2.0"
source = "registry+https://github.com/rust-lang/crates.io-index"
checksum = "ed3ef0cf3121570b78e685deb11670e53c575c3eb40cdffc39c4328db8e31244"

[[package]]
name = "lazy_static"
version = "0.1.0"
source = "registry+https://github.com/rust-lang/crates.io-index"
checksum = "50de4a465137ec12c30e51b62fbc34a201439dd695bd708bdbc7ce9426c52777"

[[package]]
name = "lazy_static"
version = "1.3.0"
source = "registry+https://github.com/rust-lang/crates.io-index"
checksum = "bc5729f27f159ddd61f4df6228e827e86643d4d3e7c32183cb30a1c08f604a14"

[[package]]
name = "libc"
version = "0.2.69"
source = "registry+https://github.com/rust-lang/crates.io-index"
checksum = "99e85c08494b21a9054e7fe1374a732aeadaff3980b6990b94bfd3a70f690005"

[[package]]
name = "lock_api"
version = "0.3.1"
source = "registry+https://github.com/rust-lang/crates.io-index"
checksum = "f8912e782533a93a167888781b836336a6ca5da6175c05944c86cf28c31104dc"
dependencies = [
 "scopeguard",
]

[[package]]
name = "log"
version = "0.4.8"
source = "registry+https://github.com/rust-lang/crates.io-index"
checksum = "14b6052be84e6b71ab17edffc2eeabf5c2c3ae1fdb464aae35ac50c67a44e1f7"
dependencies = [
 "cfg-if 0.1.5",
]

[[package]]
name = "memmap"
version = "0.7.0"
source = "registry+https://github.com/rust-lang/crates.io-index"
checksum = "6585fd95e7bb50d6cc31e20d4cf9afb4e2ba16c5846fc76793f11218da9c475b"
dependencies = [
 "libc",
 "winapi 0.3.7",
]

[[package]]
name = "mime"
version = "0.3.13"
source = "registry+https://github.com/rust-lang/crates.io-index"
checksum = "3e27ca21f40a310bd06d9031785f4801710d566c184a6e15bad4f1d9b65f9425"
dependencies = [
 "unicase",
]

[[package]]
name = "miniz-sys"
version = "0.1.11"
source = "registry+https://github.com/rust-lang/crates.io-index"
checksum = "0300eafb20369952951699b68243ab4334f4b10a88f411c221d444b36c40e649"
dependencies = [
 "cc",
 "libc",
]

[[package]]
name = "miniz_oxide"
version = "0.2.0"
source = "registry+https://github.com/rust-lang/crates.io-index"
checksum = "5ad30a47319c16cde58d0314f5d98202a80c9083b5f61178457403dfb14e509c"
dependencies = [
 "adler32",
]

[[package]]
name = "miniz_oxide_c_api"
version = "0.2.0"
source = "registry+https://github.com/rust-lang/crates.io-index"
checksum = "28edaef377517fd9fe3e085c37d892ce7acd1fbeab9239c5a36eec352d8a8b7e"
dependencies = [
 "cc",
 "crc",
 "libc",
 "miniz_oxide",
]

[[package]]
name = "mio"
version = "0.7.6"
source = "registry+https://github.com/rust-lang/crates.io-index"
checksum = "f33bc887064ef1fd66020c9adfc45bb9f33d75a42096c81e7c56c65b75dd1a8b"
dependencies = [
 "libc",
 "log",
 "miow",
 "ntapi",
 "winapi 0.3.7",
]

[[package]]
name = "miow"
version = "0.3.6"
source = "registry+https://github.com/rust-lang/crates.io-index"
checksum = "5a33c1b55807fbed163481b5ba66db4b2fa6cde694a5027be10fb724206c5897"
dependencies = [
 "socket2",
 "winapi 0.3.7",
]

[[package]]
name = "native-tls"
version = "0.2.1"
source = "registry+https://github.com/rust-lang/crates.io-index"
checksum = "8b0a7bd714e83db15676d31caf968ad7318e9cc35f93c85a90231c8f22867549"
dependencies = [
 "lazy_static 1.3.0",
 "libc",
 "openssl",
 "openssl-probe",
 "openssl-sys",
 "schannel",
 "security-framework",
 "security-framework-sys",
 "tempfile",
]

[[package]]
name = "ntapi"
version = "0.3.0"
source = "registry+https://github.com/rust-lang/crates.io-index"
checksum = "bcdaac6150484ca8fed0f2ba30c2970d05da1ceac10d1beefae91ff4ada7928f"
dependencies = [
 "winapi 0.3.7",
]

[[package]]
name = "num_cpus"
version = "1.11.1"
source = "registry+https://github.com/rust-lang/crates.io-index"
checksum = "76dac5ed2a876980778b8b85f75a71b6cbf0db0b1232ee12f826bccb00d09d72"
dependencies = [
 "hermit-abi",
 "libc",
]

[[package]]
name = "olio"
version = "1.4.0"
source = "registry+https://github.com/rust-lang/crates.io-index"
checksum = "559075d83df8118e76403b529ebc262cfeaacc72e65bab94f59c0d730515617d"
dependencies = [
 "libc",
 "memmap",
]

[[package]]
name = "once_cell"
version = "1.3.1"
source = "registry+https://github.com/rust-lang/crates.io-index"
checksum = "b1c601810575c99596d4afc46f78a678c80105117c379eb3650cf99b8a21ce5b"

[[package]]
name = "openssl"
version = "0.10.11"
source = "registry+https://github.com/rust-lang/crates.io-index"
checksum = "6c24d3508b4fb6da175c10baac54c578b33f09c89ae90c6fe9788b3b4768efdc"
dependencies = [
 "bitflags",
 "cfg-if 0.1.5",
 "foreign-types",
 "lazy_static 1.3.0",
 "libc",
 "openssl-sys",
]

[[package]]
name = "openssl-probe"
version = "0.1.0"
source = "registry+https://github.com/rust-lang/crates.io-index"
checksum = "756d49c8424483a3df3b5d735112b4da22109ced9a8294f1f5cdf80fb3810919"

[[package]]
name = "openssl-sys"
version = "0.9.35"
source = "registry+https://github.com/rust-lang/crates.io-index"
checksum = "912f301a749394e1025d9dcddef6106ddee9252620e6d0a0e5f8d0681de9b129"
dependencies = [
 "cc",
 "libc",
 "pkg-config",
 "vcpkg",
]

[[package]]
name = "parking_lot"
version = "0.10.0"
source = "registry+https://github.com/rust-lang/crates.io-index"
checksum = "92e98c49ab0b7ce5b222f2cc9193fc4efe11c6d0bd4f648e374684a6857b1cfc"
dependencies = [
 "lock_api",
 "parking_lot_core",
]

[[package]]
name = "parking_lot_core"
version = "0.7.0"
source = "registry+https://github.com/rust-lang/crates.io-index"
checksum = "7582838484df45743c8434fbff785e8edf260c28748353d44bc0da32e0ceabf1"
dependencies = [
 "cfg-if 0.1.5",
 "cloudabi",
 "libc",
 "redox_syscall",
 "smallvec",
 "winapi 0.3.7",
]

[[package]]
name = "percent-encoding"
version = "2.1.0"
source = "registry+https://github.com/rust-lang/crates.io-index"
checksum = "d4fd5641d01c8f18a23da7b6fe29298ff4b55afcccdf78973b24cf3175fee32e"

[[package]]
name = "piccolog"
version = "1.0.4"
dependencies = [
 "log",
]

[[package]]
name = "pin-project"
version = "1.0.0"
source = "registry+https://github.com/rust-lang/crates.io-index"
checksum = "f7d8ba72884f707ee1b9daf3e3f4692d84202df5c767552a8a0bb4615e9ad5d5"
dependencies = [
 "pin-project-internal",
]

[[package]]
name = "pin-project-internal"
version = "1.0.0"
source = "registry+https://github.com/rust-lang/crates.io-index"
checksum = "f3bdf2be66f09649de0c194e9e7204df2fe9e9251834c25e94a0f502ba19cf2b"
dependencies = [
 "proc-macro2",
 "quote",
 "syn",
]

[[package]]
name = "pin-project-lite"
version = "0.2.5"
source = "registry+https://github.com/rust-lang/crates.io-index"
checksum = "0cf491442e4b033ed1c722cb9f0df5fcfcf4de682466c46469c36bc47dc5548a"

[[package]]
name = "pin-utils"
version = "0.1.0"
source = "registry+https://github.com/rust-lang/crates.io-index"
checksum = "8b870d8c151b6f2fb93e84a13146138f05d02ed11c7e7c54f8826aaaf7c9f184"

[[package]]
name = "pkg-config"
version = "0.3.9"
source = "registry+https://github.com/rust-lang/crates.io-index"
checksum = "3a8b4c6b8165cd1a1cd4b9b120978131389f64bdaf456435caa41e630edba903"

[[package]]
name = "ppv-lite86"
version = "0.2.8"
source = "registry+https://github.com/rust-lang/crates.io-index"
checksum = "237a5ed80e274dbc66f86bd59c1e25edc039660be53194b5fe0a482e0f2612ea"

[[package]]
name = "proc-macro-hack"
version = "0.5.19"
source = "registry+https://github.com/rust-lang/crates.io-index"
checksum = "dbf0c48bc1d91375ae5c3cd81e3722dff1abcf81a30960240640d223f59fe0e5"

[[package]]
name = "proc-macro-nested"
version = "0.1.2"
source = "registry+https://github.com/rust-lang/crates.io-index"
checksum = "e9968e025d6368d1273a93bc23051e30dbf5482475e716d7385d8ec8fbd5b5b6"

[[package]]
name = "proc-macro2"
version = "1.0.23"
source = "registry+https://github.com/rust-lang/crates.io-index"
checksum = "51ef7cd2518ead700af67bf9d1a658d90b6037d77110fd9c0445429d0ba1c6c9"
dependencies = [
 "unicode-xid",
]

[[package]]
name = "quote"
version = "1.0.0"
source = "registry+https://github.com/rust-lang/crates.io-index"
checksum = "7ab938ebe6f1c82426b5fb82eaf10c3e3028c53deaa3fbe38f5904b37cf4d767"
dependencies = [
 "proc-macro2",
]

[[package]]
name = "rand"
version = "0.7.0"
source = "registry+https://github.com/rust-lang/crates.io-index"
checksum = "d47eab0e83d9693d40f825f86948aa16eff6750ead4bdffc4ab95b8b3a7f052c"
dependencies = [
 "getrandom 0.1.1",
 "libc",
 "rand_chacha 0.2.0",
 "rand_core 0.5.0",
 "rand_hc 0.2.0",
]

[[package]]
name = "rand"
version = "0.8.0"
source = "registry+https://github.com/rust-lang/crates.io-index"
checksum = "a76330fb486679b4ace3670f117bbc9e16204005c4bde9c4bd372f45bed34f12"
dependencies = [
 "libc",
 "rand_chacha 0.3.0",
 "rand_core 0.6.2",
 "rand_hc 0.3.0",
]

[[package]]
name = "rand_chacha"
version = "0.2.0"
source = "registry+https://github.com/rust-lang/crates.io-index"
checksum = "e193067942ef6f485a349a113329140d0ab9e2168ce92274499bb0e9a4190d9d"
dependencies = [
 "autocfg 0.1.0",
 "c2-chacha",
 "rand_core 0.5.0",
]

[[package]]
name = "rand_chacha"
version = "0.3.0"
source = "registry+https://github.com/rust-lang/crates.io-index"
checksum = "e12735cf05c9e10bf21534da50a147b924d555dc7a547c42e6bb2d5b6017ae0d"
dependencies = [
 "ppv-lite86",
 "rand_core 0.6.2",
]

[[package]]
name = "rand_core"
version = "0.5.0"
source = "registry+https://github.com/rust-lang/crates.io-index"
checksum = "615e683324e75af5d43d8f7a39ffe3ee4a9dc42c5c701167a71dc59c3a493aca"
dependencies = [
 "getrandom 0.1.1",
]

[[package]]
name = "rand_core"
version = "0.6.2"
source = "registry+https://github.com/rust-lang/crates.io-index"
checksum = "34cf66eb183df1c5876e2dcf6b13d57340741e8dc255b48e40a26de954d06ae7"
dependencies = [
 "getrandom 0.2.0",
]

[[package]]
name = "rand_hc"
version = "0.2.0"
source = "registry+https://github.com/rust-lang/crates.io-index"
checksum = "ca3129af7b92a17112d59ad498c6f81eaf463253766b90396d39ea7a39d6613c"
dependencies = [
 "rand_core 0.5.0",
]

[[package]]
name = "rand_hc"
version = "0.3.0"
source = "registry+https://github.com/rust-lang/crates.io-index"
checksum = "3190ef7066a446f2e7f42e239d161e905420ccab01eb967c9eb27d21b2322a73"
dependencies = [
 "rand_core 0.6.2",
]

[[package]]
name = "redox_syscall"
version = "0.1.38"
source = "registry+https://github.com/rust-lang/crates.io-index"
checksum = "0a12d51a5b5fd700e6c757f15877685bfa04fd7eb60c108f01d045cafa0073c2"

[[package]]
name = "remove_dir_all"
version = "0.5.0"
source = "registry+https://github.com/rust-lang/crates.io-index"
checksum = "dfc5b3ce5d5ea144bb04ebd093a9e14e9765bcfec866aecda9b6dec43b3d1e24"
dependencies = [
 "winapi 0.3.7",
]

[[package]]
name = "schannel"
version = "0.1.13"
source = "registry+https://github.com/rust-lang/crates.io-index"
checksum = "dc1fabf2a7b6483a141426e1afd09ad543520a77ac49bd03c286e7696ccfd77f"
dependencies = [
 "lazy_static 1.3.0",
 "winapi 0.3.7",
]

[[package]]
name = "scopeguard"
version = "1.0.0"
source = "registry+https://github.com/rust-lang/crates.io-index"
checksum = "b42e15e59b18a828bbf5c58ea01debb36b9b096346de35d941dcb89009f24a0d"

[[package]]
name = "security-framework"
version = "0.2.1"
source = "registry+https://github.com/rust-lang/crates.io-index"
checksum = "697d3f3c23a618272ead9e1fb259c1411102b31c6af8b93f1d64cca9c3b0e8e0"
dependencies = [
 "core-foundation",
 "core-foundation-sys",
 "libc",
 "security-framework-sys",
]

[[package]]
name = "security-framework-sys"
version = "0.2.1"
source = "registry+https://github.com/rust-lang/crates.io-index"
checksum = "ab01dfbe5756785b5b4d46e0289e5a18071dfa9a7c2b24213ea00b9ef9b665bf"
dependencies = [
 "core-foundation-sys",
 "libc",
]

[[package]]
name = "slab"
version = "0.4.2"
source = "registry+https://github.com/rust-lang/crates.io-index"
checksum = "c111b5bd5695e56cffe5129854aa230b39c93a305372fdbb2668ca2394eea9f8"

[[package]]
name = "smallvec"
version = "1.0.0"
source = "registry+https://github.com/rust-lang/crates.io-index"
checksum = "4ecf3b85f68e8abaa7555aa5abdb1153079387e60b718283d732f03897fcfc86"

[[package]]
name = "socket2"
version = "0.3.17"
source = "registry+https://github.com/rust-lang/crates.io-index"
checksum = "2c29947abdee2a218277abeca306f25789c938e500ea5a9d4b12a5a504466902"
dependencies = [
 "cfg-if 1.0.0",
 "libc",
 "redox_syscall",
 "winapi 0.3.7",
]

[[package]]
name = "syn"
version = "1.0.44"
source = "registry+https://github.com/rust-lang/crates.io-index"
checksum = "e03e57e4fcbfe7749842d53e24ccb9aa12b7252dbe5e91d2acad31834c8b8fdd"
dependencies = [
 "proc-macro2",
 "quote",
 "unicode-xid",
]

[[package]]
name = "tao-log"
version = "1.0.0"
source = "registry+https://github.com/rust-lang/crates.io-index"
checksum = "a81b6877133fbbd2c03b5c10d3ddf88c013d007e393c3327f7a2dd91dd870cbd"
dependencies = [
 "log",
]

[[package]]
name = "tempfile"
version = "3.1.0"
source = "registry+https://github.com/rust-lang/crates.io-index"
checksum = "7a6e24d9338a0a5be79593e2fa15a648add6138caa803e2d5bc782c371732ca9"
dependencies = [
 "cfg-if 0.1.5",
 "libc",
 "rand 0.7.0",
 "redox_syscall",
 "remove_dir_all",
 "winapi 0.3.7",
]

[[package]]
name = "term_size"
version = "0.3.0"
source = "registry+https://github.com/rust-lang/crates.io-index"
checksum = "e2b6b55df3198cc93372e85dd2ed817f0e38ce8cc0f22eb32391bfad9c4bf209"
dependencies = [
 "kernel32-sys",
 "libc",
 "winapi 0.2.8",
]

[[package]]
name = "textwrap"
version = "0.9.0"
source = "registry+https://github.com/rust-lang/crates.io-index"
checksum = "c0b59b6b4b44d867f1370ef1bd91bfb262bf07bf0ae65c202ea2fbc16153b693"
dependencies = [
 "term_size",
 "unicode-width",
]

[[package]]
name = "tokio"
version = "1.0.1"
source = "registry+https://github.com/rust-lang/crates.io-index"
checksum = "d258221f566b6c803c7b4714abadc080172b272090cdc5e244a6d4dd13c3a6bd"
dependencies = [
 "autocfg 1.0.0",
 "libc",
 "mio",
 "num_cpus",
 "pin-project-lite",
]

[[package]]
name = "tokio-native-tls"
version = "0.3.0"
source = "registry+https://github.com/rust-lang/crates.io-index"
checksum = "f7d995660bd2b7f8c1568414c1126076c13fbb725c40112dc0120b78eb9b717b"
dependencies = [
 "native-tls",
 "tokio",
]

[[package]]
name = "tower-service"
version = "0.3.0"
source = "registry+https://github.com/rust-lang/crates.io-index"
checksum = "e987b6bf443f4b5b3b6f38704195592cca41c5bb7aedd3c3693c7081f8289860"

[[package]]
name = "tracing"
version = "0.1.22"
source = "registry+https://github.com/rust-lang/crates.io-index"
checksum = "9f47026cdc4080c07e49b37087de021820269d996f581aac150ef9e5583eefe3"
dependencies = [
 "cfg-if 1.0.0",
 "pin-project-lite",
 "tracing-core",
]

[[package]]
name = "tracing-core"
version = "0.1.17"
source = "registry+https://github.com/rust-lang/crates.io-index"
checksum = "f50de3927f93d202783f4513cda820ab47ef17f624b03c096e86ef00c67e6b5f"
dependencies = [
 "lazy_static 1.3.0",
]

[[package]]
name = "try-lock"
version = "0.2.0"
source = "registry+https://github.com/rust-lang/crates.io-index"
checksum = "2a31f2d8ccabc3089a7aad162f96d4513034a6c5d2385e93023984c645e65fb6"

[[package]]
name = "unicase"
version = "2.6.0"
source = "registry+https://github.com/rust-lang/crates.io-index"
checksum = "50f37be617794602aabbeee0be4f259dc1778fabe05e2d67ee8f79326d5cb4f6"
dependencies = [
 "version_check",
]

[[package]]
name = "unicode-width"
version = "0.1.4"
source = "registry+https://github.com/rust-lang/crates.io-index"
checksum = "bf3a113775714a22dcb774d8ea3655c53a32debae63a063acc00a91cc586245f"

[[package]]
name = "unicode-xid"
version = "0.2.0"
source = "registry+https://github.com/rust-lang/crates.io-index"
checksum = "826e7639553986605ec5979c7dd957c7895e93eabed50ab2ffa7f6128a75097c"

[[package]]
name = "vcpkg"
version = "0.2.0"
source = "registry+https://github.com/rust-lang/crates.io-index"
checksum = "df74ff70e2ced9607f67e06640f89a6a6374b459b51bdef290a5cfa657fe4fcc"

[[package]]
name = "version_check"
version = "0.9.0"
source = "registry+https://github.com/rust-lang/crates.io-index"
checksum = "45d3d553fd9413fffe7147a20171d640eda0ad4c070acd7d0c885a21bcd2e8b7"

[[package]]
name = "want"
version = "0.3.0"
source = "registry+https://github.com/rust-lang/crates.io-index"
checksum = "1ce8a968cb1cd110d136ff8b819a556d6fb6d919363c61534f6860c7eb172ba0"
dependencies = [
 "log",
 "try-lock",
]

[[package]]
name = "wasi"
version = "0.9.0+wasi-snapshot-preview1"
source = "registry+https://github.com/rust-lang/crates.io-index"
checksum = "cccddf32554fecc6acb585f82a32a72e28b48f8c4c1883ddfeeeaa96f7d8e519"

[[package]]
name = "winapi"
version = "0.2.8"
source = "registry+https://github.com/rust-lang/crates.io-index"
checksum = "167dc9d6949a9b857f3451275e911c3f44255842c1f7a76f33c55103a909087a"

[[package]]
name = "winapi"
version = "0.3.7"
source = "registry+https://github.com/rust-lang/crates.io-index"
checksum = "f10e386af2b13e47c89e7236a7a14a086791a2b88ebad6df9bf42040195cf770"
dependencies = [
 "winapi-i686-pc-windows-gnu",
 "winapi-x86_64-pc-windows-gnu",
]

[[package]]
name = "winapi-build"
version = "0.1.1"
source = "registry+https://github.com/rust-lang/crates.io-index"
checksum = "2d315eee3b34aca4797b2da6b13ed88266e6d612562a0c46390af8299fc699bc"

[[package]]
name = "winapi-i686-pc-windows-gnu"
version = "0.4.0"
source = "registry+https://github.com/rust-lang/crates.io-index"
checksum = "ac3b87c63620426dd9b991e5ce0329eff545bccbbb34f3be09ff6fb6ab51b7b6"

[[package]]
name = "winapi-x86_64-pc-windows-gnu"
version = "0.4.0"
source = "registry+https://github.com/rust-lang/crates.io-index"
checksum = "712e227841d057c1ee1cd2fb22fa7e5a5461ae8e48fa2ca79ec42cfc1931183f"
